<?xml version="1.0" encoding="utf-8"?>
<Project ToolsVersion="4.0" xmlns="http://schemas.microsoft.com/developer/msbuild/2003">
  <ItemGroup>
    <Filter Include="Core">
      <UniqueIdentifier>{f5082a5f-fa43-48af-985d-2c44e73f5487}</UniqueIdentifier>
    </Filter>
    <Filter Include="PreCompile">
      <UniqueIdentifier>{1b4debf6-d179-4ce3-994a-3676f0d69d81}</UniqueIdentifier>
    </Filter>
    <Filter Include="Level">
      <UniqueIdentifier>{c55c55e5-92ba-4993-b767-00aa9517b180}</UniqueIdentifier>
    </Filter>
    <Filter Include="Level\PlayLevel">
      <UniqueIdentifier>{66d37b75-2f42-4ec2-b691-b502be16dd3f}</UniqueIdentifier>
    </Filter>
    <Filter Include="Level\TitleLevel">
      <UniqueIdentifier>{30a984f3-e3f6-40e5-9e0b-699c666422fc}</UniqueIdentifier>
    </Filter>
    <Filter Include="Level\EndingLevel">
      <UniqueIdentifier>{7768b6e5-0ea0-4435-a7cf-d0b1af463f13}</UniqueIdentifier>
    </Filter>
    <Filter Include="Level\EndingLevel\Object">
      <UniqueIdentifier>{81469bc5-d9c1-4371-b8ba-b3b860ed6494}</UniqueIdentifier>
    </Filter>
    <Filter Include="Level\TitleLevel\Object">
      <UniqueIdentifier>{81a2f3ae-5915-4069-a832-ddf07a4e665a}</UniqueIdentifier>
    </Filter>
    <Filter Include="Level\PlayLevel\TutorialLevel">
      <UniqueIdentifier>{387a5eea-e460-40cc-8315-e2be152d592d}</UniqueIdentifier>
    </Filter>
    <Filter Include="Level\PlayLevel\CommonObject">
      <UniqueIdentifier>{dd9d0db2-9714-402b-b906-e382d197626f}</UniqueIdentifier>
    </Filter>
    <Filter Include="Level\TestLevel">
      <UniqueIdentifier>{2f6a8295-fa7e-4b0a-978f-f2daa1e2f0e2}</UniqueIdentifier>
    </Filter>
    <Filter Include="Level\PlayLevel\WorldLevel">
      <UniqueIdentifier>{c8112701-da87-47d6-8b22-88a7f5616059}</UniqueIdentifier>
    </Filter>
    <Filter Include="ContentsHelper">
      <UniqueIdentifier>{a9c5b52c-539c-4de3-bbf4-8032644a7158}</UniqueIdentifier>
    </Filter>
    <Filter Include="Level\PlayLevel\WorldLevel\Object">
      <UniqueIdentifier>{590efd6d-e592-4294-8155-ea6e72a19e8b}</UniqueIdentifier>
    </Filter>
    <Filter Include="Level\PlayLevel\CommonObject\Unit">
      <UniqueIdentifier>{85f58d77-7896-4f58-ab83-925dc8e620f4}</UniqueIdentifier>
    </Filter>
    <Filter Include="Level\PlayLevel\CommonObject\FX">
      <UniqueIdentifier>{1b1929d6-9a4b-450b-a554-2e1f8680b86e}</UniqueIdentifier>
    </Filter>
    <Filter Include="Level\PlayLevel\CommonObject\Player">
      <UniqueIdentifier>{13250a61-df5c-4d3e-9eeb-59f41340790b}</UniqueIdentifier>
    </Filter>
    <Filter Include="Level\PlayLevel\FlowerLevel">
      <UniqueIdentifier>{f08a05e5-0193-4504-969b-e7ae2220a819}</UniqueIdentifier>
    </Filter>
    <Filter Include="Level\PlayLevel\FlowerLevel\Object">
      <UniqueIdentifier>{b5f2ec1e-4bd1-43e6-b6bb-6363807c4bba}</UniqueIdentifier>
    </Filter>
    <Filter Include="ContentsHelper\Debug">
      <UniqueIdentifier>{af04ef55-fdff-46bb-8f62-f8dbfa557c8b}</UniqueIdentifier>
    </Filter>
    <Filter Include="Math">
      <UniqueIdentifier>{c410298d-fd98-4695-af4d-5e63404e1ca1}</UniqueIdentifier>
    </Filter>
  </ItemGroup>
  <ItemGroup>
    <ClInclude Include="ContentsCore.h">
      <Filter>Core</Filter>
    </ClInclude>
    <ClInclude Include="PreCompile.h">
      <Filter>PreCompile</Filter>
    </ClInclude>
    <ClInclude Include="TitleLogo.h">
      <Filter>Level\TitleLevel\Object</Filter>
    </ClInclude>
    <ClInclude Include="EndingMode.h">
      <Filter>Level\EndingLevel</Filter>
    </ClInclude>
    <ClInclude Include="TitleMode.h">
      <Filter>Level\TitleLevel</Filter>
    </ClInclude>
    <ClInclude Include="TitleAnimation.h">
      <Filter>Level\TitleLevel\Object</Filter>
    </ClInclude>
    <ClInclude Include="EndingAnimation.h">
      <Filter>Level\EndingLevel\Object</Filter>
    </ClInclude>
    <ClInclude Include="TutorialMode.h">
      <Filter>Level\PlayLevel\TutorialLevel</Filter>
    </ClInclude>
    <ClInclude Include="TestGameMode.h">
      <Filter>Level\TestLevel</Filter>
    </ClInclude>
    <ClInclude Include="MapBase.h">
      <Filter>Level\PlayLevel\CommonObject</Filter>
    </ClInclude>
    <ClInclude Include="OldFilmEffect.h">
      <Filter>Level\PlayLevel\CommonObject</Filter>
    </ClInclude>
    <ClInclude Include="WorldGameMode.h">
      <Filter>Level\PlayLevel\WorldLevel</Filter>
    </ClInclude>
    <ClInclude Include="ContentsEnumClass.h">
      <Filter>ContentsHelper</Filter>
    </ClInclude>
    <ClInclude Include="WorldPlayer.h">
      <Filter>Level\PlayLevel\WorldLevel\Object</Filter>
    </ClInclude>
    <ClInclude Include="ContentsValue.h">
      <Filter>ContentsHelper</Filter>
    </ClInclude>
    <ClInclude Include="ContentsFunction.h">
      <Filter>ContentsHelper</Filter>
    </ClInclude>
    <ClInclude Include="WorldDust.h">
      <Filter>Level\PlayLevel\WorldLevel\Object</Filter>
    </ClInclude>
    <ClInclude Include="MoveUnit.h">
      <Filter>Level\PlayLevel\CommonObject\Unit</Filter>
    </ClInclude>
    <ClInclude Include="ContentsCamera.h">
      <Filter>Level\PlayLevel\CommonObject</Filter>
    </ClInclude>
    <ClInclude Include="BulletUnit.h">
      <Filter>Level\PlayLevel\CommonObject\Unit</Filter>
    </ClInclude>
    <ClInclude Include="FXUnit.h">
      <Filter>Level\PlayLevel\CommonObject\Unit</Filter>
    </ClInclude>
    <ClInclude Include="BulletFX.h">
      <Filter>Level\PlayLevel\CommonObject\FX</Filter>
    </ClInclude>
    <ClInclude Include="PlayerBullet.h">
      <Filter>Level\PlayLevel\CommonObject\Player</Filter>
    </ClInclude>
    <ClInclude Include="Player.h">
      <Filter>Level\PlayLevel\CommonObject\Player</Filter>
    </ClInclude>
    <ClInclude Include="PlayerSSBullet.h">
      <Filter>Level\PlayLevel\CommonObject\Player</Filter>
    </ClInclude>
    <ClInclude Include="SSBulletFX.h">
      <Filter>Level\PlayLevel\CommonObject\FX</Filter>
    </ClInclude>
    <ClInclude Include="BossUnit.h">
      <Filter>Level\PlayLevel\CommonObject\Unit</Filter>
    </ClInclude>
    <ClInclude Include="CagneyCarnation.h">
      <Filter>Level\PlayLevel\FlowerLevel\Object</Filter>
    </ClInclude>
    <ClInclude Include="FlowerLevelMode.h">
      <Filter>Level\PlayLevel\FlowerLevel</Filter>
    </ClInclude>
    <ClInclude Include="ContentsDebugWindow.h">
      <Filter>ContentsHelper\Debug</Filter>
    </ClInclude>
    <ClInclude Include="Math.h">
      <Filter>Math</Filter>
    </ClInclude>
    <ClInclude Include="MonsterUnit.h">
      <Filter>Level\PlayLevel\CommonObject\Unit</Filter>
    </ClInclude>
    <ClInclude Include="FXBase.h">
      <Filter>Level\PlayLevel\CommonObject\Unit</Filter>
    </ClInclude>
    <ClInclude Include="BossAttackUnit.h">
      <Filter>Level\PlayLevel\CommonObject\Unit</Filter>
    </ClInclude>
    <ClInclude Include="ContentsStruct.h">
      <Filter>ContentsHelper</Filter>
    </ClInclude>
    <ClInclude Include="Seed.h">
      <Filter>Level\PlayLevel\FlowerLevel\Object</Filter>
    </ClInclude>
    <ClInclude Include="Chomper.h">
      <Filter>Level\PlayLevel\FlowerLevel\Object</Filter>
    </ClInclude>
    <ClInclude Include="Venus.h">
      <Filter>Level\PlayLevel\FlowerLevel\Object</Filter>
    </ClInclude>
    <ClInclude Include="MiniFlower.h">
      <Filter>Level\PlayLevel\FlowerLevel\Object</Filter>
    </ClInclude>
  </ItemGroup>
  <ItemGroup>
    <ClCompile Include="ContentsCore.cpp">
      <Filter>Core</Filter>
    </ClCompile>
    <ClCompile Include="PreCompile.cpp">
      <Filter>PreCompile</Filter>
    </ClCompile>
    <ClCompile Include="TitleLogo.cpp">
      <Filter>Level\TitleLevel\Object</Filter>
    </ClCompile>
    <ClCompile Include="EndingMode.cpp">
      <Filter>Level\EndingLevel</Filter>
    </ClCompile>
    <ClCompile Include="TitleMode.cpp">
      <Filter>Level\TitleLevel</Filter>
    </ClCompile>
    <ClCompile Include="TitleAnimation.cpp">
      <Filter>Level\TitleLevel\Object</Filter>
    </ClCompile>
    <ClCompile Include="EndingAnimation.cpp">
      <Filter>Level\EndingLevel\Object</Filter>
    </ClCompile>
    <ClCompile Include="TutorialMode.cpp">
      <Filter>Level\PlayLevel\TutorialLevel</Filter>
    </ClCompile>
    <ClCompile Include="TestGameMode.cpp">
      <Filter>Level\TestLevel</Filter>
    </ClCompile>
    <ClCompile Include="MapBase.cpp">
      <Filter>Level\PlayLevel\CommonObject</Filter>
    </ClCompile>
    <ClCompile Include="OldFilmEffect.cpp">
      <Filter>Level\PlayLevel\CommonObject</Filter>
    </ClCompile>
    <ClCompile Include="WorldGameMode.cpp">
      <Filter>Level\PlayLevel\WorldLevel</Filter>
    </ClCompile>
    <ClCompile Include="WorldPlayer.cpp">
      <Filter>Level\PlayLevel\WorldLevel\Object</Filter>
    </ClCompile>
    <ClCompile Include="ContentsValue.cpp">
      <Filter>ContentsHelper</Filter>
    </ClCompile>
    <ClCompile Include="WorldPlayer_State.cpp">
      <Filter>Level\PlayLevel\WorldLevel\Object</Filter>
    </ClCompile>
    <ClCompile Include="ContentsFunction.cpp">
      <Filter>ContentsHelper</Filter>
    </ClCompile>
    <ClCompile Include="WorldDust.cpp">
      <Filter>Level\PlayLevel\WorldLevel\Object</Filter>
    </ClCompile>
    <ClCompile Include="MoveUnit.cpp">
      <Filter>Level\PlayLevel\CommonObject\Unit</Filter>
    </ClCompile>
    <ClCompile Include="ContentsCamera.cpp">
      <Filter>Level\PlayLevel\CommonObject</Filter>
    </ClCompile>
    <ClCompile Include="BulletUnit.cpp">
      <Filter>Level\PlayLevel\CommonObject\Unit</Filter>
    </ClCompile>
    <ClCompile Include="FXUnit.cpp">
      <Filter>Level\PlayLevel\CommonObject\Unit</Filter>
    </ClCompile>
    <ClCompile Include="BulletFX.cpp">
      <Filter>Level\PlayLevel\CommonObject\FX</Filter>
    </ClCompile>
    <ClCompile Include="PlayerBullet.cpp">
      <Filter>Level\PlayLevel\CommonObject\Player</Filter>
    </ClCompile>
    <ClCompile Include="Player_State.cpp">
      <Filter>Level\PlayLevel\CommonObject\Player</Filter>
    </ClCompile>
    <ClCompile Include="Player.cpp">
      <Filter>Level\PlayLevel\CommonObject\Player</Filter>
    </ClCompile>
    <ClCompile Include="PlayerSSBullet.cpp">
      <Filter>Level\PlayLevel\CommonObject\Player</Filter>
    </ClCompile>
    <ClCompile Include="SSBulletFX.cpp">
      <Filter>Level\PlayLevel\CommonObject\FX</Filter>
    </ClCompile>
    <ClCompile Include="BossUnit.cpp">
      <Filter>Level\PlayLevel\CommonObject\Unit</Filter>
    </ClCompile>
    <ClCompile Include="CagneyCarnation.cpp">
      <Filter>Level\PlayLevel\FlowerLevel\Object</Filter>
    </ClCompile>
    <ClCompile Include="CagneyCarnation_State.cpp">
      <Filter>Level\PlayLevel\FlowerLevel\Object</Filter>
    </ClCompile>
    <ClCompile Include="FlowerLevelMode.cpp">
      <Filter>Level\PlayLevel\FlowerLevel</Filter>
    </ClCompile>
    <ClCompile Include="ContentsDebugWindow.cpp">
      <Filter>ContentsHelper\Debug</Filter>
    </ClCompile>
    <ClCompile Include="CagneyCarnation_Animation.cpp">
      <Filter>Level\PlayLevel\FlowerLevel\Object</Filter>
    </ClCompile>
    <ClCompile Include="Math.cpp">
      <Filter>Math</Filter>
    </ClCompile>
    <ClCompile Include="MonsterUnit.cpp">
      <Filter>Level\PlayLevel\CommonObject\Unit</Filter>
    </ClCompile>
    <ClCompile Include="FXBase.cpp">
      <Filter>Level\PlayLevel\CommonObject\Unit</Filter>
    </ClCompile>
    <ClCompile Include="BossAttackUnit.cpp">
      <Filter>Level\PlayLevel\CommonObject\Unit</Filter>
    </ClCompile>
    <ClCompile Include="Seed.cpp">
      <Filter>Level\PlayLevel\FlowerLevel\Object</Filter>
    </ClCompile>
    <ClCompile Include="Chomper.cpp">
      <Filter>Level\PlayLevel\FlowerLevel\Object</Filter>
    </ClCompile>
    <ClCompile Include="Venus.cpp">
      <Filter>Level\PlayLevel\FlowerLevel\Object</Filter>
    </ClCompile>
    <ClCompile Include="MiniFlower.cpp">
      <Filter>Level\PlayLevel\FlowerLevel\Object</Filter>
    </ClCompile>
  </ItemGroup>
</Project>