<?xml version="1.0" encoding="utf-8"?>
<Project ToolsVersion="4.0" xmlns="http://schemas.microsoft.com/developer/msbuild/2003">
  <ItemGroup>
    <Filter Include="Core">
      <UniqueIdentifier>{f5082a5f-fa43-48af-985d-2c44e73f5487}</UniqueIdentifier>
    </Filter>
    <Filter Include="PreCompile">
      <UniqueIdentifier>{1b4debf6-d179-4ce3-994a-3676f0d69d81}</UniqueIdentifier>
    </Filter>
    <Filter Include="Level">
      <UniqueIdentifier>{c55c55e5-92ba-4993-b767-00aa9517b180}</UniqueIdentifier>
    </Filter>
    <Filter Include="Level\PlayLevel">
      <UniqueIdentifier>{66d37b75-2f42-4ec2-b691-b502be16dd3f}</UniqueIdentifier>
    </Filter>
    <Filter Include="Level\TitleLevel">
      <UniqueIdentifier>{30a984f3-e3f6-40e5-9e0b-699c666422fc}</UniqueIdentifier>
    </Filter>
    <Filter Include="Level\EndingLevel">
      <UniqueIdentifier>{7768b6e5-0ea0-4435-a7cf-d0b1af463f13}</UniqueIdentifier>
    </Filter>
    <Filter Include="Level\EndingLevel\Object">
      <UniqueIdentifier>{81469bc5-d9c1-4371-b8ba-b3b860ed6494}</UniqueIdentifier>
    </Filter>
    <Filter Include="Level\TitleLevel\Object">
      <UniqueIdentifier>{81a2f3ae-5915-4069-a832-ddf07a4e665a}</UniqueIdentifier>
    </Filter>
    <Filter Include="Level\PlayLevel\TutorialLevel">
      <UniqueIdentifier>{387a5eea-e460-40cc-8315-e2be152d592d}</UniqueIdentifier>
    </Filter>
    <Filter Include="Level\PlayLevel\CommonObject">
      <UniqueIdentifier>{dd9d0db2-9714-402b-b906-e382d197626f}</UniqueIdentifier>
    </Filter>
    <Filter Include="Level\TestLevel">
      <UniqueIdentifier>{2f6a8295-fa7e-4b0a-978f-f2daa1e2f0e2}</UniqueIdentifier>
    </Filter>
    <Filter Include="Level\PlayLevel\TutorialLevel\Object">
      <UniqueIdentifier>{0154f638-cc1e-4786-8c25-9d9a4af96e73}</UniqueIdentifier>
    </Filter>
    <Filter Include="Level\PlayLevel\WorldLevel">
      <UniqueIdentifier>{c8112701-da87-47d6-8b22-88a7f5616059}</UniqueIdentifier>
    </Filter>
    <Filter Include="ContentsHelper">
      <UniqueIdentifier>{a9c5b52c-539c-4de3-bbf4-8032644a7158}</UniqueIdentifier>
    </Filter>
    <Filter Include="Level\PlayLevel\WorldLevel\Object">
      <UniqueIdentifier>{590efd6d-e592-4294-8155-ea6e72a19e8b}</UniqueIdentifier>
    </Filter>
  </ItemGroup>
  <ItemGroup>
    <ClInclude Include="ContentsCore.h">
      <Filter>Core</Filter>
    </ClInclude>
    <ClInclude Include="PreCompile.h">
      <Filter>PreCompile</Filter>
    </ClInclude>
    <ClInclude Include="Player.h">
      <Filter>Level\PlayLevel\CommonObject</Filter>
    </ClInclude>
    <ClInclude Include="TitleLogo.h">
      <Filter>Level\TitleLevel\Object</Filter>
    </ClInclude>
    <ClInclude Include="EndingMode.h">
      <Filter>Level\EndingLevel</Filter>
    </ClInclude>
    <ClInclude Include="TitleMode.h">
      <Filter>Level\TitleLevel</Filter>
    </ClInclude>
    <ClInclude Include="TitleAnimation.h">
      <Filter>Level\TitleLevel\Object</Filter>
    </ClInclude>
    <ClInclude Include="EndingAnimation.h">
      <Filter>Level\EndingLevel\Object</Filter>
    </ClInclude>
    <ClInclude Include="TutorialMode.h">
      <Filter>Level\PlayLevel\TutorialLevel</Filter>
    </ClInclude>
    <ClInclude Include="TestGameMode.h">
      <Filter>Level\TestLevel</Filter>
    </ClInclude>
    <ClInclude Include="MapBase.h">
      <Filter>Level\PlayLevel\CommonObject</Filter>
    </ClInclude>
    <ClInclude Include="TutorialMap.h">
      <Filter>Level\PlayLevel\TutorialLevel\Object</Filter>
    </ClInclude>
    <ClInclude Include="OldFilmEffect.h">
      <Filter>Level\PlayLevel\CommonObject</Filter>
    </ClInclude>
    <ClInclude Include="MapSubObject.h">
      <Filter>Level\PlayLevel\CommonObject</Filter>
    </ClInclude>
    <ClInclude Include="WorldGameMode.h">
      <Filter>Level\PlayLevel\WorldLevel</Filter>
    </ClInclude>
    <ClInclude Include="ContentsEnumClass.h">
      <Filter>ContentsHelper</Filter>
    </ClInclude>
    <ClInclude Include="WorldMap.h">
      <Filter>Level\PlayLevel\WorldLevel\Object</Filter>
    </ClInclude>
  </ItemGroup>
  <ItemGroup>
    <ClCompile Include="ContentsCore.cpp">
      <Filter>Core</Filter>
    </ClCompile>
    <ClCompile Include="PreCompile.cpp">
      <Filter>PreCompile</Filter>
    </ClCompile>
    <ClCompile Include="Player.cpp">
      <Filter>Level\PlayLevel\CommonObject</Filter>
    </ClCompile>
    <ClCompile Include="TitleLogo.cpp">
      <Filter>Level\TitleLevel\Object</Filter>
    </ClCompile>
    <ClCompile Include="EndingMode.cpp">
      <Filter>Level\EndingLevel</Filter>
    </ClCompile>
    <ClCompile Include="TitleMode.cpp">
      <Filter>Level\TitleLevel</Filter>
    </ClCompile>
    <ClCompile Include="TitleAnimation.cpp">
      <Filter>Level\TitleLevel\Object</Filter>
    </ClCompile>
    <ClCompile Include="EndingAnimation.cpp">
      <Filter>Level\EndingLevel\Object</Filter>
    </ClCompile>
    <ClCompile Include="TutorialMode.cpp">
      <Filter>Level\PlayLevel\TutorialLevel</Filter>
    </ClCompile>
    <ClCompile Include="TestGameMode.cpp">
      <Filter>Level\TestLevel</Filter>
    </ClCompile>
    <ClCompile Include="MapBase.cpp">
      <Filter>Level\PlayLevel\CommonObject</Filter>
    </ClCompile>
    <ClCompile Include="TutorialMap.cpp">
      <Filter>Level\PlayLevel\TutorialLevel\Object</Filter>
    </ClCompile>
    <ClCompile Include="OldFilmEffect.cpp">
      <Filter>Level\PlayLevel\CommonObject</Filter>
    </ClCompile>
    <ClCompile Include="MapSubObject.cpp">
      <Filter>Level\PlayLevel\CommonObject</Filter>
    </ClCompile>
    <ClCompile Include="WorldGameMode.cpp">
      <Filter>Level\PlayLevel\WorldLevel</Filter>
    </ClCompile>
    <ClCompile Include="WorldMap.cpp">
      <Filter>Level\PlayLevel\WorldLevel\Object</Filter>
    </ClCompile>
  </ItemGroup>
</Project>