
Microsoft Visual Studio Solution File, Format Version 12.00
# Visual Studio Version 17
VisualStudioVersion = 17.9.34607.119
MinimumVisualStudioVersion = 10.0.40219.1
Project("{8BC9CEB8-8B4A-11D0-8D11-00A0C91BC942}") = "EngineBase", "EngineBase\EngineBase.vcxproj", "{EA197215-13BB-4729-9573-DB483A0EE1A3}"
EndProject
Project("{8BC9CEB8-8B4A-11D0-8D11-00A0C91BC942}") = "EnginePlatform", "EnginePlatform\EnginePlatform.vcxproj", "{F0716EC2-0BC5-43EA-9046-B203E0985A67}"
EndProject
Project("{2150E333-8FDC-42A3-9474-1A3956D46DE8}") = "Level0", "Level0", "{5F7D4A7F-9B44-4A44-A553-F4B5B2A47C08}"
EndProject
Project("{2150E333-8FDC-42A3-9474-1A3956D46DE8}") = "Level1", "Level1", "{504476AB-4C52-4BA7-AF37-80CEF7F441C2}"
EndProject
Project("{8BC9CEB8-8B4A-11D0-8D11-00A0C91BC942}") = "App", "App\App.vcxproj", "{A846F603-2463-4A89-8924-9E5F96777B09}"
	ProjectSection(ProjectDependencies) = postProject
		{369880DD-6C5C-49D8-AB3D-706C946ED246} = {369880DD-6C5C-49D8-AB3D-706C946ED246}
		{52046087-2679-403E-B5D5-6127E8D91F5A} = {52046087-2679-403E-B5D5-6127E8D91F5A}
		{EA197215-13BB-4729-9573-DB483A0EE1A3} = {EA197215-13BB-4729-9573-DB483A0EE1A3}
		{F0716EC2-0BC5-43EA-9046-B203E0985A67} = {F0716EC2-0BC5-43EA-9046-B203E0985A67}
	EndProjectSection
EndProject
Project("{2150E333-8FDC-42A3-9474-1A3956D46DE8}") = "Level2", "Level2", "{D622215D-9D7D-4A81-8370-DB9A764FFD84}"
EndProject
Project("{8BC9CEB8-8B4A-11D0-8D11-00A0C91BC942}") = "EngineCore", "EngineCore\EngineCore.vcxproj", "{52046087-2679-403E-B5D5-6127E8D91F5A}"
	ProjectSection(ProjectDependencies) = postProject
		{EA197215-13BB-4729-9573-DB483A0EE1A3} = {EA197215-13BB-4729-9573-DB483A0EE1A3}
		{F0716EC2-0BC5-43EA-9046-B203E0985A67} = {F0716EC2-0BC5-43EA-9046-B203E0985A67}
	EndProjectSection
EndProject
Project("{2150E333-8FDC-42A3-9474-1A3956D46DE8}") = "Level3", "Level3", "{CA8386AA-93CD-4CE3-B274-8B599AEB3553}"
EndProject
Project("{2150E333-8FDC-42A3-9474-1A3956D46DE8}") = "Level4", "Level4", "{E5997376-E99C-40F0-B3E4-4EFB3DCCE240}"
EndProject
Project("{8BC9CEB8-8B4A-11D0-8D11-00A0C91BC942}") = "Contents", "Contents\Contents.vcxproj", "{369880DD-6C5C-49D8-AB3D-706C946ED246}"
	ProjectSection(ProjectDependencies) = postProject
		{52046087-2679-403E-B5D5-6127E8D91F5A} = {52046087-2679-403E-B5D5-6127E8D91F5A}
		{EA197215-13BB-4729-9573-DB483A0EE1A3} = {EA197215-13BB-4729-9573-DB483A0EE1A3}
		{F0716EC2-0BC5-43EA-9046-B203E0985A67} = {F0716EC2-0BC5-43EA-9046-B203E0985A67}
	EndProjectSection
EndProject
Global
	GlobalSection(SolutionConfigurationPlatforms) = preSolution
		Debug|x64 = Debug|x64
		Debug|x86 = Debug|x86
		Release|x64 = Release|x64
		Release|x86 = Release|x86
	EndGlobalSection
	GlobalSection(ProjectConfigurationPlatforms) = postSolution
		{EA197215-13BB-4729-9573-DB483A0EE1A3}.Debug|x64.ActiveCfg = Debug|x64
		{EA197215-13BB-4729-9573-DB483A0EE1A3}.Debug|x64.Build.0 = Debug|x64
		{EA197215-13BB-4729-9573-DB483A0EE1A3}.Debug|x86.ActiveCfg = Debug|Win32
		{EA197215-13BB-4729-9573-DB483A0EE1A3}.Debug|x86.Build.0 = Debug|Win32
		{EA197215-13BB-4729-9573-DB483A0EE1A3}.Release|x64.ActiveCfg = Release|x64
		{EA197215-13BB-4729-9573-DB483A0EE1A3}.Release|x64.Build.0 = Release|x64
		{EA197215-13BB-4729-9573-DB483A0EE1A3}.Release|x86.ActiveCfg = Release|Win32
		{EA197215-13BB-4729-9573-DB483A0EE1A3}.Release|x86.Build.0 = Release|Win32
		{F0716EC2-0BC5-43EA-9046-B203E0985A67}.Debug|x64.ActiveCfg = Debug|x64
		{F0716EC2-0BC5-43EA-9046-B203E0985A67}.Debug|x64.Build.0 = Debug|x64
		{F0716EC2-0BC5-43EA-9046-B203E0985A67}.Debug|x86.ActiveCfg = Debug|Win32
		{F0716EC2-0BC5-43EA-9046-B203E0985A67}.Debug|x86.Build.0 = Debug|Win32
		{F0716EC2-0BC5-43EA-9046-B203E0985A67}.Release|x64.ActiveCfg = Release|x64
		{F0716EC2-0BC5-43EA-9046-B203E0985A67}.Release|x64.Build.0 = Release|x64
		{F0716EC2-0BC5-43EA-9046-B203E0985A67}.Release|x86.ActiveCfg = Release|Win32
		{F0716EC2-0BC5-43EA-9046-B203E0985A67}.Release|x86.Build.0 = Release|Win32
		{A846F603-2463-4A89-8924-9E5F96777B09}.Debug|x64.ActiveCfg = Debug|x64
		{A846F603-2463-4A89-8924-9E5F96777B09}.Debug|x64.Build.0 = Debug|x64
		{A846F603-2463-4A89-8924-9E5F96777B09}.Debug|x86.ActiveCfg = Debug|Win32
		{A846F603-2463-4A89-8924-9E5F96777B09}.Debug|x86.Build.0 = Debug|Win32
		{A846F603-2463-4A89-8924-9E5F96777B09}.Release|x64.ActiveCfg = Release|x64
		{A846F603-2463-4A89-8924-9E5F96777B09}.Release|x64.Build.0 = Release|x64
		{A846F603-2463-4A89-8924-9E5F96777B09}.Release|x86.ActiveCfg = Release|Win32
		{A846F603-2463-4A89-8924-9E5F96777B09}.Release|x86.Build.0 = Release|Win32
		{52046087-2679-403E-B5D5-6127E8D91F5A}.Debug|x64.ActiveCfg = Debug|x64
		{52046087-2679-403E-B5D5-6127E8D91F5A}.Debug|x64.Build.0 = Debug|x64
		{52046087-2679-403E-B5D5-6127E8D91F5A}.Debug|x86.ActiveCfg = Debug|Win32
		{52046087-2679-403E-B5D5-6127E8D91F5A}.Debug|x86.Build.0 = Debug|Win32
		{52046087-2679-403E-B5D5-6127E8D91F5A}.Release|x64.ActiveCfg = Release|x64
		{52046087-2679-403E-B5D5-6127E8D91F5A}.Release|x64.Build.0 = Release|x64
		{52046087-2679-403E-B5D5-6127E8D91F5A}.Release|x86.ActiveCfg = Release|Win32
		{52046087-2679-403E-B5D5-6127E8D91F5A}.Release|x86.Build.0 = Release|Win32
		{369880DD-6C5C-49D8-AB3D-706C946ED246}.Debug|x64.ActiveCfg = Debug|x64
		{369880DD-6C5C-49D8-AB3D-706C946ED246}.Debug|x64.Build.0 = Debug|x64
		{369880DD-6C5C-49D8-AB3D-706C946ED246}.Debug|x86.ActiveCfg = Debug|Win32
		{369880DD-6C5C-49D8-AB3D-706C946ED246}.Debug|x86.Build.0 = Debug|Win32
		{369880DD-6C5C-49D8-AB3D-706C946ED246}.Release|x64.ActiveCfg = Release|x64
		{369880DD-6C5C-49D8-AB3D-706C946ED246}.Release|x64.Build.0 = Release|x64
		{369880DD-6C5C-49D8-AB3D-706C946ED246}.Release|x86.ActiveCfg = Release|Win32
		{369880DD-6C5C-49D8-AB3D-706C946ED246}.Release|x86.Build.0 = Release|Win32
	EndGlobalSection
	GlobalSection(SolutionProperties) = preSolution
		HideSolutionNode = FALSE
	EndGlobalSection
	GlobalSection(NestedProjects) = preSolution
		{EA197215-13BB-4729-9573-DB483A0EE1A3} = {5F7D4A7F-9B44-4A44-A553-F4B5B2A47C08}
		{F0716EC2-0BC5-43EA-9046-B203E0985A67} = {504476AB-4C52-4BA7-AF37-80CEF7F441C2}
		{A846F603-2463-4A89-8924-9E5F96777B09} = {E5997376-E99C-40F0-B3E4-4EFB3DCCE240}
		{52046087-2679-403E-B5D5-6127E8D91F5A} = {D622215D-9D7D-4A81-8370-DB9A764FFD84}
		{369880DD-6C5C-49D8-AB3D-706C946ED246} = {CA8386AA-93CD-4CE3-B274-8B599AEB3553}
	EndGlobalSection
	GlobalSection(ExtensibilityGlobals) = postSolution
		SolutionGuid = {C4D1AC36-AD60-44F6-BEC3-D99820AFC881}
	EndGlobalSection
EndGlobal
