<?xml version="1.0" encoding="utf-8"?>
<Project ToolsVersion="4.0" xmlns="http://schemas.microsoft.com/developer/msbuild/2003">
  <ItemGroup>
    <Filter Include="Core">
      <UniqueIdentifier>{00fb12ce-a2c6-4e74-9724-aa79c3f39bfd}</UniqueIdentifier>
    </Filter>
    <Filter Include="PreCompile">
      <UniqueIdentifier>{2ff3723c-eaed-40d5-af77-d2a6ab8670b4}</UniqueIdentifier>
    </Filter>
    <Filter Include="Device">
      <UniqueIdentifier>{94b6fb81-4627-4220-a092-5a232c37bede}</UniqueIdentifier>
    </Filter>
    <Filter Include="Object">
      <UniqueIdentifier>{f8bd999d-98c5-4590-8449-0a344169bee4}</UniqueIdentifier>
    </Filter>
    <Filter Include="Resources">
      <UniqueIdentifier>{b6f9061f-c573-4336-8822-5295407d119e}</UniqueIdentifier>
    </Filter>
    <Filter Include="Resources\Texture">
      <UniqueIdentifier>{77768754-6635-4033-8d44-e3562bd1d7b0}</UniqueIdentifier>
    </Filter>
    <Filter Include="Object\Actor">
      <UniqueIdentifier>{2e1e19ad-92ff-49f5-bcc4-5c30c63ce549}</UniqueIdentifier>
    </Filter>
    <Filter Include="Object\Component">
      <UniqueIdentifier>{5acb7726-b52a-4397-815e-bf172f4dda14}</UniqueIdentifier>
    </Filter>
    <Filter Include="Object\Actor\GameMode">
      <UniqueIdentifier>{b4988886-f717-418e-a662-0ee8f0ff091c}</UniqueIdentifier>
    </Filter>
    <Filter Include="Object\Rendering">
      <UniqueIdentifier>{d9f3f86a-9f28-4ea1-8e2d-01df76c7a357}</UniqueIdentifier>
    </Filter>
    <Filter Include="Object\EngineContent">
      <UniqueIdentifier>{34ab674f-72a5-410c-a52b-a77926724a70}</UniqueIdentifier>
    </Filter>
    <Filter Include="Resources\Mesh">
      <UniqueIdentifier>{cfdd00de-8df9-48a6-87eb-79ce7b0a492a}</UniqueIdentifier>
    </Filter>
    <Filter Include="Resources\RenderingSetting">
      <UniqueIdentifier>{816bfb14-e40a-4f4c-81af-d7ddcb31cb86}</UniqueIdentifier>
    </Filter>
    <Filter Include="Resources\Shader">
      <UniqueIdentifier>{f0b982a7-abdc-4a96-b8b4-9ddbadc65752}</UniqueIdentifier>
    </Filter>
    <Filter Include="Resources\ShaderResources">
      <UniqueIdentifier>{81f68518-8e9a-4f24-bf8b-2e0741b43857}</UniqueIdentifier>
    </Filter>
    <Filter Include="ThirdParty">
      <UniqueIdentifier>{4f47b573-fda8-41b0-a4da-09cc1051e11b}</UniqueIdentifier>
    </Filter>
    <Filter Include="ThirdParty\DirectXTex">
      <UniqueIdentifier>{be7876b8-5f6c-4aa5-b39e-df41dc74e850}</UniqueIdentifier>
    </Filter>
    <Filter Include="ThirdParty\DirectXTex\Debug">
      <UniqueIdentifier>{a9966c7b-93d9-45ed-8855-cc36539b0355}</UniqueIdentifier>
    </Filter>
    <Filter Include="ThirdParty\DirectXTex\Inc">
      <UniqueIdentifier>{ad6bcb61-2c41-42b4-a8ad-388d88c87506}</UniqueIdentifier>
    </Filter>
    <Filter Include="ThirdParty\DirectXTex\Release">
      <UniqueIdentifier>{c6052544-03fd-424f-8252-5374dc2358d7}</UniqueIdentifier>
    </Filter>
    <Filter Include="Contents">
      <UniqueIdentifier>{a68b5aa9-f218-4f42-a11f-39ba21bd1c51}</UniqueIdentifier>
    </Filter>
    <Filter Include="Editor">
      <UniqueIdentifier>{1e816653-44ff-4310-a558-da65efb4f95f}</UniqueIdentifier>
    </Filter>
    <Filter Include="Editor\Contents">
      <UniqueIdentifier>{ea6ed096-b724-4e5d-b9a1-dfc790eb9e70}</UniqueIdentifier>
    </Filter>
    <Filter Include="Editor\Imgui">
      <UniqueIdentifier>{799e10db-2ad9-43e2-90c2-d33a98278db8}</UniqueIdentifier>
    </Filter>
    <Filter Include="Object\Component\Collision">
      <UniqueIdentifier>{5fdfad90-ed5b-457a-a99f-530a8f31e3f1}</UniqueIdentifier>
    </Filter>
    <Filter Include="Object\Component\Rendering">
      <UniqueIdentifier>{42d4b899-e121-4617-83d9-e300e9c5ab83}</UniqueIdentifier>
    </Filter>
    <Filter Include="Debug">
      <UniqueIdentifier>{beb38cea-9cf1-4f1b-9d55-1a9d52384a08}</UniqueIdentifier>
    </Filter>
    <Filter Include="Object\Component\Rendering\Contents">
      <UniqueIdentifier>{a2a72f8d-dd4a-4f3a-9edb-0fe2585e1817}</UniqueIdentifier>
    </Filter>
    <Filter Include="Object\UI">
      <UniqueIdentifier>{ff65c7f8-8997-4ae5-b0b4-a1888f89bbfe}</UniqueIdentifier>
    </Filter>
    <Filter Include="Object\UI\Contents">
      <UniqueIdentifier>{99ba99c7-52a8-45be-bc54-40d79809ecc1}</UniqueIdentifier>
    </Filter>
    <Filter Include="Object\Rendering\Contents">
      <UniqueIdentifier>{da1d776c-c749-4e2f-978f-38fa20acc619}</UniqueIdentifier>
    </Filter>
    <Filter Include="ThirdParty\FW1FontWrapper">
      <UniqueIdentifier>{e0bb55cd-d8da-4462-b4cf-71c31e105d30}</UniqueIdentifier>
    </Filter>
    <Filter Include="ThirdParty\FW1FontWrapper\Release">
      <UniqueIdentifier>{a29f9480-e5da-4412-9cd6-104c8303ffd5}</UniqueIdentifier>
    </Filter>
    <Filter Include="ThirdParty\FW1FontWrapper\Inc">
      <UniqueIdentifier>{c061a4e1-2d61-4f9e-9a74-bb25a0509275}</UniqueIdentifier>
    </Filter>
    <Filter Include="Resources\Font">
      <UniqueIdentifier>{6d352789-997b-429c-abbd-29de5e1c4a3d}</UniqueIdentifier>
    </Filter>
  </ItemGroup>
  <ItemGroup>
    <ClInclude Include="EngineCore.h">
      <Filter>Core</Filter>
    </ClInclude>
    <ClInclude Include="EngineOption.h">
      <Filter>Core</Filter>
    </ClInclude>
    <ClInclude Include="PreCompile.h">
      <Filter>PreCompile</Filter>
    </ClInclude>
    <ClInclude Include="EngineGraphicDevice.h">
      <Filter>Device</Filter>
    </ClInclude>
    <ClInclude Include="EngineRenderTarget.h">
      <Filter>Resources\Texture</Filter>
    </ClInclude>
    <ClInclude Include="EngineTexture.h">
      <Filter>Resources\Texture</Filter>
    </ClInclude>
    <ClInclude Include="Level.h">
      <Filter>Object</Filter>
    </ClInclude>
    <ClInclude Include="TickObject.h">
      <Filter>Object</Filter>
    </ClInclude>
    <ClInclude Include="GameMode.h">
      <Filter>Object\Actor\GameMode</Filter>
    </ClInclude>
    <ClInclude Include="Actor.h">
      <Filter>Object\Actor</Filter>
    </ClInclude>
    <ClInclude Include="ActorComponent.h">
      <Filter>Object\Component</Filter>
    </ClInclude>
    <ClInclude Include="SceneComponent.h">
      <Filter>Object\Component</Filter>
    </ClInclude>
    <ClInclude Include="WorldObject.h">
      <Filter>Object</Filter>
    </ClInclude>
    <ClInclude Include="Camera.h">
      <Filter>Object\Rendering</Filter>
    </ClInclude>
    <ClInclude Include="Renderer.h">
      <Filter>Object\Component\Rendering</Filter>
    </ClInclude>
    <ClInclude Include="DefaultSceneComponent.h">
      <Filter>Object\EngineContent</Filter>
    </ClInclude>
    <ClInclude Include="EngineBuffer.h">
      <Filter>Resources\Mesh</Filter>
    </ClInclude>
    <ClInclude Include="EngineIndexBuffer.h">
      <Filter>Resources\Mesh</Filter>
    </ClInclude>
    <ClInclude Include="EngineMesh.h">
      <Filter>Resources\Mesh</Filter>
    </ClInclude>
    <ClInclude Include="EngineVertex.h">
      <Filter>Resources\Mesh</Filter>
    </ClInclude>
    <ClInclude Include="EngineVertexBuffer.h">
      <Filter>Resources\Mesh</Filter>
    </ClInclude>
    <ClInclude Include="EngineShader.h">
      <Filter>Resources\Shader</Filter>
    </ClInclude>
    <ClInclude Include="EngineVertexShader.h">
      <Filter>Resources\Shader</Filter>
    </ClInclude>
    <ClInclude Include="EngineMaterial.h">
      <Filter>Resources\RenderingSetting</Filter>
    </ClInclude>
    <ClInclude Include="EnginePixelShader.h">
      <Filter>Resources\Shader</Filter>
    </ClInclude>
    <ClInclude Include="EngineRasterizer.h">
      <Filter>Resources\RenderingSetting</Filter>
    </ClInclude>
    <ClInclude Include="DirectXHelper.h">
      <Filter>Device</Filter>
    </ClInclude>
    <ClInclude Include="EngineInputLayOut.h">
      <Filter>Resources\Mesh</Filter>
    </ClInclude>
    <ClInclude Include="EngineConstantBuffer.h">
      <Filter>Resources\ShaderResources</Filter>
    </ClInclude>
    <ClInclude Include="EngineEnums.h">
      <Filter>Core</Filter>
    </ClInclude>
    <ClInclude Include="EngineShaderResources.h">
      <Filter>Resources\ShaderResources</Filter>
    </ClInclude>
    <ClInclude Include="ThirdParty\DirectxTex\inc\DirectXTex.h">
      <Filter>ThirdParty\DirectXTex\Inc</Filter>
    </ClInclude>
    <ClInclude Include="EngineSampler.h">
      <Filter>Resources\Texture</Filter>
    </ClInclude>
    <ClInclude Include="EngineSprite.h">
      <Filter>Resources\Texture</Filter>
    </ClInclude>
    <ClInclude Include="EngineBlend.h">
      <Filter>Resources\RenderingSetting</Filter>
    </ClInclude>
    <ClInclude Include="StateManager.h">
      <Filter>Contents</Filter>
    </ClInclude>
    <ClInclude Include="EngineEditorGUI.h">
      <Filter>Editor</Filter>
    </ClInclude>
    <ClInclude Include="EngineDefines.h">
      <Filter>Core</Filter>
    </ClInclude>
    <ClInclude Include="EngineEditorWindow.h">
      <Filter>Editor</Filter>
    </ClInclude>
    <ClInclude Include="EngineDebugMsgWindow.h">
      <Filter>Editor\Contents</Filter>
    </ClInclude>
    <ClInclude Include="imconfig.h">
      <Filter>Editor\Imgui</Filter>
    </ClInclude>
    <ClInclude Include="imgui.h">
      <Filter>Editor\Imgui</Filter>
    </ClInclude>
    <ClInclude Include="imgui_impl_dx11.h">
      <Filter>Editor\Imgui</Filter>
    </ClInclude>
    <ClInclude Include="imgui_impl_win32.h">
      <Filter>Editor\Imgui</Filter>
    </ClInclude>
    <ClInclude Include="imgui_internal.h">
      <Filter>Editor\Imgui</Filter>
    </ClInclude>
    <ClInclude Include="imstb_rectpack.h">
      <Filter>Editor\Imgui</Filter>
    </ClInclude>
    <ClInclude Include="imstb_textedit.h">
      <Filter>Editor\Imgui</Filter>
    </ClInclude>
    <ClInclude Include="imstb_truetype.h">
      <Filter>Editor\Imgui</Filter>
    </ClInclude>
    <ClInclude Include="Collision.h">
      <Filter>Object\Component\Collision</Filter>
    </ClInclude>
    <ClInclude Include="EngineDebug3D.h">
      <Filter>Debug</Filter>
    </ClInclude>
    <ClInclude Include="EngineStruct.h">
      <Filter>Core</Filter>
    </ClInclude>
    <ClInclude Include="TileRenderer.h">
      <Filter>Object\Component\Rendering\Contents</Filter>
    </ClInclude>
    <ClInclude Include="SpriteRenderer.h">
      <Filter>Object\Component\Rendering\Contents</Filter>
    </ClInclude>
    <ClInclude Include="RenderUnit.h">
      <Filter>Object\Component\Rendering</Filter>
    </ClInclude>
    <ClInclude Include="Image.h">
      <Filter>Object\UI\Contents</Filter>
    </ClInclude>
    <ClInclude Include="Widget.h">
      <Filter>Object\UI</Filter>
    </ClInclude>
    <ClInclude Include="BlurEffect.h">
      <Filter>Object\Rendering\Contents</Filter>
    </ClInclude>
    <ClInclude Include="EngineStructuredBuffer.h">
      <Filter>Resources\ShaderResources</Filter>
    </ClInclude>
    <ClInclude Include="SpriteInstancingRender.h">
      <Filter>Object\Component\Rendering\Contents</Filter>
    </ClInclude>
    <ClInclude Include="InstancingRender.h">
      <Filter>Object\Component\Rendering</Filter>
    </ClInclude>
    <ClInclude Include="ThirdParty\FW1FontWrapper\inc\FW1FontWrapper.h">
      <Filter>ThirdParty\FW1FontWrapper\Inc</Filter>
    </ClInclude>
    <ClInclude Include="EngineFont.h">
      <Filter>Resources\Font</Filter>
    </ClInclude>
    <ClInclude Include="TextWidget.h">
      <Filter>Object\UI\Contents</Filter>
    </ClInclude>
  </ItemGroup>
  <ItemGroup>
    <ClCompile Include="EngineCore.cpp">
      <Filter>Core</Filter>
    </ClCompile>
    <ClCompile Include="EngineOption.cpp">
      <Filter>Core</Filter>
    </ClCompile>
    <ClCompile Include="PreCompile.cpp">
      <Filter>PreCompile</Filter>
    </ClCompile>
    <ClCompile Include="EngineGraphicDevice.cpp">
      <Filter>Device</Filter>
    </ClCompile>
    <ClCompile Include="EngineRenderTarget.cpp">
      <Filter>Resources\Texture</Filter>
    </ClCompile>
    <ClCompile Include="EngineTexture.cpp">
      <Filter>Resources\Texture</Filter>
    </ClCompile>
    <ClCompile Include="Level.cpp">
      <Filter>Object</Filter>
    </ClCompile>
    <ClCompile Include="TickObject.cpp">
      <Filter>Object</Filter>
    </ClCompile>
    <ClCompile Include="GameMode.cpp">
      <Filter>Object\Actor\GameMode</Filter>
    </ClCompile>
    <ClCompile Include="Actor.cpp">
      <Filter>Object\Actor</Filter>
    </ClCompile>
    <ClCompile Include="ActorComponent.cpp">
      <Filter>Object\Component</Filter>
    </ClCompile>
    <ClCompile Include="SceneComponent.cpp">
      <Filter>Object\Component</Filter>
    </ClCompile>
    <ClCompile Include="WorldObject.cpp">
      <Filter>Object</Filter>
    </ClCompile>
    <ClCompile Include="Camera.cpp">
      <Filter>Object\Rendering</Filter>
    </ClCompile>
    <ClCompile Include="Renderer.cpp">
      <Filter>Object\Component\Rendering</Filter>
    </ClCompile>
    <ClCompile Include="DefaultSceneComponent.cpp">
      <Filter>Object\EngineContent</Filter>
    </ClCompile>
    <ClCompile Include="EngineBuffer.cpp">
      <Filter>Resources\Mesh</Filter>
    </ClCompile>
    <ClCompile Include="EngineIndexBuffer.cpp">
      <Filter>Resources\Mesh</Filter>
    </ClCompile>
    <ClCompile Include="EngineMesh.cpp">
      <Filter>Resources\Mesh</Filter>
    </ClCompile>
    <ClCompile Include="EngineVertexBuffer.cpp">
      <Filter>Resources\Mesh</Filter>
    </ClCompile>
    <ClCompile Include="EngineGraphicDevice_Resources.cpp">
      <Filter>Device</Filter>
    </ClCompile>
    <ClCompile Include="EngineShader.cpp">
      <Filter>Resources\Shader</Filter>
    </ClCompile>
    <ClCompile Include="EngineVertexShader.cpp">
      <Filter>Resources\Shader</Filter>
    </ClCompile>
    <ClCompile Include="EngineMaterial.cpp">
      <Filter>Resources\RenderingSetting</Filter>
    </ClCompile>
    <ClCompile Include="EnginePixelShader.cpp">
      <Filter>Resources\Shader</Filter>
    </ClCompile>
    <ClCompile Include="EngineRasterizer.cpp">
      <Filter>Resources\RenderingSetting</Filter>
    </ClCompile>
    <ClCompile Include="DirectXHelper.cpp">
      <Filter>Device</Filter>
    </ClCompile>
    <ClCompile Include="EngineInputLayOut.cpp">
      <Filter>Resources\Mesh</Filter>
    </ClCompile>
    <ClCompile Include="EngineVertex.cpp">
      <Filter>Resources\Mesh</Filter>
    </ClCompile>
    <ClCompile Include="EngineConstantBuffer.cpp">
      <Filter>Resources\ShaderResources</Filter>
    </ClCompile>
    <ClCompile Include="EngineShaderResources.cpp">
      <Filter>Resources\ShaderResources</Filter>
    </ClCompile>
    <ClCompile Include="EngineSampler.cpp">
      <Filter>Resources\Texture</Filter>
    </ClCompile>
    <ClCompile Include="EngineSprite.cpp">
      <Filter>Resources\Texture</Filter>
    </ClCompile>
    <ClCompile Include="EngineBlend.cpp">
      <Filter>Resources\RenderingSetting</Filter>
    </ClCompile>
    <ClCompile Include="StateManager.cpp">
      <Filter>Contents</Filter>
    </ClCompile>
    <ClCompile Include="EngineEditorGUI.cpp">
      <Filter>Editor</Filter>
    </ClCompile>
    <ClCompile Include="EngineEditorWindow.cpp">
      <Filter>Editor</Filter>
    </ClCompile>
    <ClCompile Include="EngineDebugMsgWindow.cpp">
      <Filter>Editor\Contents</Filter>
    </ClCompile>
    <ClCompile Include="imgui.cpp">
      <Filter>Editor\Imgui</Filter>
    </ClCompile>
    <ClCompile Include="imgui_demo.cpp">
      <Filter>Editor\Imgui</Filter>
    </ClCompile>
    <ClCompile Include="imgui_draw.cpp">
      <Filter>Editor\Imgui</Filter>
    </ClCompile>
    <ClCompile Include="imgui_impl_dx11.cpp">
      <Filter>Editor\Imgui</Filter>
    </ClCompile>
    <ClCompile Include="imgui_impl_win32.cpp">
      <Filter>Editor\Imgui</Filter>
    </ClCompile>
    <ClCompile Include="imgui_tables.cpp">
      <Filter>Editor\Imgui</Filter>
    </ClCompile>
    <ClCompile Include="imgui_widgets.cpp">
      <Filter>Editor\Imgui</Filter>
    </ClCompile>
    <ClCompile Include="Collision.cpp">
      <Filter>Object\Component\Collision</Filter>
    </ClCompile>
    <ClCompile Include="EngineDebug3D.cpp">
      <Filter>Debug</Filter>
    </ClCompile>
    <ClCompile Include="EngineStruct.cpp">
      <Filter>Core</Filter>
    </ClCompile>
    <ClCompile Include="TileRenderer.cpp">
      <Filter>Object\Component\Rendering\Contents</Filter>
    </ClCompile>
    <ClCompile Include="SpriteRenderer.cpp">
      <Filter>Object\Component\Rendering\Contents</Filter>
    </ClCompile>
    <ClCompile Include="RenderUnit.cpp">
      <Filter>Object\Component\Rendering</Filter>
    </ClCompile>
    <ClCompile Include="Image.cpp">
      <Filter>Object\UI\Contents</Filter>
    </ClCompile>
    <ClCompile Include="Widget.cpp">
      <Filter>Object\UI</Filter>
    </ClCompile>
    <ClCompile Include="BlurEffect.cpp">
      <Filter>Object\Rendering\Contents</Filter>
    </ClCompile>
    <ClCompile Include="EngineStructuredBuffer.cpp">
      <Filter>Resources\ShaderResources</Filter>
    </ClCompile>
    <ClCompile Include="SpriteInstancingRender.cpp">
      <Filter>Object\Component\Rendering\Contents</Filter>
    </ClCompile>
    <ClCompile Include="InstancingRender.cpp">
      <Filter>Object\Component\Rendering</Filter>
    </ClCompile>
    <ClCompile Include="EngineFont.cpp">
      <Filter>Resources\Font</Filter>
    </ClCompile>
    <ClCompile Include="TextWidget.cpp">
      <Filter>Object\UI\Contents</Filter>
    </ClCompile>
  </ItemGroup>
  <ItemGroup>
    <CopyFileToFolders Include="ThirdParty\DirectxTex\Debug\DirectXTex.lib">
      <Filter>ThirdParty\DirectXTex\Debug</Filter>
    </CopyFileToFolders>
    <CopyFileToFolders Include="ThirdParty\DirectxTex\Release\DirectXTex.lib">
      <Filter>ThirdParty\DirectXTex\Release</Filter>
    </CopyFileToFolders>
    <CopyFileToFolders Include="ThirdParty\DirectxTex\Debug\DirectXTex.pdb">
      <Filter>ThirdParty\DirectXTex\Debug</Filter>
    </CopyFileToFolders>
    <CopyFileToFolders Include="ThirdParty\DirectxTex\Release\DirectXTex.pdb">
      <Filter>ThirdParty\DirectXTex\Release</Filter>
    </CopyFileToFolders>
    <CopyFileToFolders Include="ThirdParty\FW1FontWrapper\Release\FW1FontWrapper.dll">
      <Filter>ThirdParty\FW1FontWrapper\Release</Filter>
    </CopyFileToFolders>
    <CopyFileToFolders Include="ThirdParty\FW1FontWrapper\Release\FW1FontWrapper.lib">
      <Filter>ThirdParty\FW1FontWrapper\Release</Filter>
    </CopyFileToFolders>
    <CopyFileToFolders Include="ThirdParty\FW1FontWrapper\Release\FW1FontWrapper.pdb">
      <Filter>ThirdParty\FW1FontWrapper\Release</Filter>
    </CopyFileToFolders>
  </ItemGroup>
</Project>